
Microsoft Visual Studio Solution File, Format Version 12.00
# Visual Studio Version 17
VisualStudioVersion = 17.10.34916.146
MinimumVisualStudioVersion = 10.0.40219.1
Project("{FAE04EC0-301F-11D3-BF4B-00C04F79EFBC}") = "qawpf", "qawpf.csproj", "{D3F83095-F0B3-441F-B45D-43F0ABA544FC}"
EndProject
Global
	GlobalSection(SolutionConfigurationPlatforms) = preSolution
		Debug|Any CPU = Debug|Any CPU
		Release|Any CPU = Release|Any CPU
	EndGlobalSection
	GlobalSection(ProjectConfigurationPlatforms) = postSolution
		{D3F83095-F0B3-441F-B45D-43F0ABA544FC}.Debug|Any CPU.ActiveCfg = Debug|Any CPU
		{D3F83095-F0B3-441F-B45D-43F0ABA544FC}.Debug|Any CPU.Build.0 = Debug|Any CPU
		{D3F83095-F0B3-441F-B45D-43F0ABA544FC}.Release|Any CPU.ActiveCfg = Release|Any CPU
		{D3F83095-F0B3-441F-B45D-43F0ABA544FC}.Release|Any CPU.Build.0 = Release|Any CPU
	EndGlobalSection
	GlobalSection(SolutionProperties) = preSolution
		HideSolutionNode = FALSE
	EndGlobalSection
	GlobalSection(ExtensibilityGlobals) = postSolution
		SolutionGuid = {46AC7129-5A9B-4D9E-890D-09E10EE60DA6}
	EndGlobalSection
EndGlobal
